// !$*UTF8*$!
{
	archiveVersion = 1;
	classes = {
	};
	objectVersion = 56;
	objects = {

/* Begin PBXBuildFile section */
		1E07AEA32E7BB03C0035CE48 /* UserModel.swift in Sources */ = {isa = PBXBuildFile; fileRef = 1E07AEA22E7BB03C0035CE48 /* UserModel.swift */; };
		1E07AEA62E7BB8DA0035CE48 /* ProfileView.swift in Sources */ = {isa = PBXBuildFile; fileRef = 1E07AEA52E7BB8DA0035CE48 /* ProfileView.swift */; };
		1E07AEA82E7BD8270035CE48 /* UserServiceViewModel.swift in Sources */ = {isa = PBXBuildFile; fileRef = 1E07AEA72E7BD8270035CE48 /* UserServiceViewModel.swift */; };
		1E1FFF772DBCEB74002382B0 /* Config.swift in Sources */ = {isa = PBXBuildFile; fileRef = 1E1FFF762DBCEB74002382B0 /* Config.swift */; };
		1E1FFF792DBCEB7B002382B0 /* NetworkManager.swift in Sources */ = {isa = PBXBuildFile; fileRef = 1E1FFF782DBCEB7B002382B0 /* NetworkManager.swift */; };
		1E1FFF842DBE3EB4002382B0 /* MainTemplateWithPopupEvent.swift in Sources */ = {isa = PBXBuildFile; fileRef = 1E1FFF832DBE3EB4002382B0 /* MainTemplateWithPopupEvent.swift */; };
		1E1FFF892DBE5D6C002382B0 /* Game.swift in Sources */ = {isa = PBXBuildFile; fileRef = 1E1FFF882DBE5D6C002382B0 /* Game.swift */; };
		1E1FFF8B2DBE5D88002382B0 /* WebsocketManager.swift in Sources */ = {isa = PBXBuildFile; fileRef = 1E1FFF8A2DBE5D88002382B0 /* WebsocketManager.swift */; };
		1E1FFF922DBE64EE002382B0 /* MainMenuView.swift in Sources */ = {isa = PBXBuildFile; fileRef = 1E1FFF912DBE64EE002382B0 /* MainMenuView.swift */; };
		1E1FFF942DBE64F6002382B0 /* QueueView.swift in Sources */ = {isa = PBXBuildFile; fileRef = 1E1FFF932DBE64F6002382B0 /* QueueView.swift */; };
		1E517CE32E8BE1D4000D21A2 /* APIModel.swift in Sources */ = {isa = PBXBuildFile; fileRef = 1E517CE22E8BE1D4000D21A2 /* APIModel.swift */; };
		1E64C2022DAE47FF001DFAF5 /* DetailSkillView.swift in Sources */ = {isa = PBXBuildFile; fileRef = 1E64C2012DAE47FF001DFAF5 /* DetailSkillView.swift */; };
		1E64C2102DB76A95001DFAF5 /* DetailItemView.swift in Sources */ = {isa = PBXBuildFile; fileRef = 1E64C20F2DB76A95001DFAF5 /* DetailItemView.swift */; };
		1E64C2172DB77BCF001DFAF5 /* EventVendorPopup.swift in Sources */ = {isa = PBXBuildFile; fileRef = 1E64C2162DB77BCF001DFAF5 /* EventVendorPopup.swift */; };
		1E64C21C2DB88E4F001DFAF5 /* GoldView.swift in Sources */ = {isa = PBXBuildFile; fileRef = 1E64C21B2DB88E4F001DFAF5 /* GoldView.swift */; };
		1E99D0972DAD0994007392FE /* HeroMainView.swift in Sources */ = {isa = PBXBuildFile; fileRef = 1E99D0962DAD0994007392FE /* HeroMainView.swift */; };
		1EC024F62DC368A100F77448 /* SimpleTemplateWithPopup.swift in Sources */ = {isa = PBXBuildFile; fileRef = 1EC024F52DC368A100F77448 /* SimpleTemplateWithPopup.swift */; };
		1EC024F82DC368C700F77448 /* EventScreenTemplate.swift in Sources */ = {isa = PBXBuildFile; fileRef = 1EC024F72DC368C700F77448 /* EventScreenTemplate.swift */; };
		3D17B6382E1272090024DD24 /* HeroItemOptionsView.swift in Sources */ = {isa = PBXBuildFile; fileRef = 3D17B6372E1272090024DD24 /* HeroItemOptionsView.swift */; };
		3D2F3B602E0590EA00E182E4 /* BagView.swift in Sources */ = {isa = PBXBuildFile; fileRef = 3D2F3B5F2E0590EA00E182E4 /* BagView.swift */; };
		3D5B20742DF144D4001D242D /* SettingMainView.swift in Sources */ = {isa = PBXBuildFile; fileRef = 3D5B20732DF144D4001D242D /* SettingMainView.swift */; };
		3D5B20762DF1486C001D242D /* PickerBar.swift in Sources */ = {isa = PBXBuildFile; fileRef = 3D5B20752DF1486C001D242D /* PickerBar.swift */; };
		3D5B20782DF14A1D001D242D /* ColorExtension.swift in Sources */ = {isa = PBXBuildFile; fileRef = 3D5B20772DF14A1D001D242D /* ColorExtension.swift */; };
		3D5B207C2DF16AC7001D242D /* MusicManager.swift in Sources */ = {isa = PBXBuildFile; fileRef = 3D5B207B2DF16AC7001D242D /* MusicManager.swift */; };
		3D5B207F2DF2F5E4001D242D /* Maple.mp3 in Resources */ = {isa = PBXBuildFile; fileRef = 3D5B207E2DF2F5E4001D242D /* Maple.mp3 */; };
		3D5B20812DF2F5ED001D242D /* whatif.mp3 in Resources */ = {isa = PBXBuildFile; fileRef = 3D5B20802DF2F5ED001D242D /* whatif.mp3 */; };
		3D5B20E72DF96B94001D242D /* EventVendorSingleItemPopup.swift in Sources */ = {isa = PBXBuildFile; fileRef = 3D5B20E62DF96B94001D242D /* EventVendorSingleItemPopup.swift */; };
		3D5B20E92DF9C0C1001D242D /* ABILITYVIEW.swift in Sources */ = {isa = PBXBuildFile; fileRef = 3D5B20E82DF9C0C1001D242D /* ABILITYVIEW.swift */; };
		3D8C04142E88191200293E48 /* UserProfileView.swift in Sources */ = {isa = PBXBuildFile; fileRef = 3D8C04132E88191200293E48 /* UserProfileView.swift */; };
		541C59312DB3B89400AB0AC6 /* EventCombat.swift in Sources */ = {isa = PBXBuildFile; fileRef = 541C59302DB3B89400AB0AC6 /* EventCombat.swift */; };
		541C59352DB3B95A00AB0AC6 /* EventVendorShop.swift in Sources */ = {isa = PBXBuildFile; fileRef = 541C59342DB3B95A00AB0AC6 /* EventVendorShop.swift */; };
		541C59392DB3B9EC00AB0AC6 /* EventForest.swift in Sources */ = {isa = PBXBuildFile; fileRef = 541C59382DB3B9EC00AB0AC6 /* EventForest.swift */; };
		541C593B2DB3BDC200AB0AC6 /* ButtomButton.swift in Sources */ = {isa = PBXBuildFile; fileRef = 541C593A2DB3BDC200AB0AC6 /* ButtomButton.swift */; };
		541C593D2DB3BFBF00AB0AC6 /* CardHeroSetView.swift in Sources */ = {isa = PBXBuildFile; fileRef = 541C593C2DB3BFBF00AB0AC6 /* CardHeroSetView.swift */; };
		541C593F2DB3C32E00AB0AC6 /* CardHeroSetViewWSkill.swift in Sources */ = {isa = PBXBuildFile; fileRef = 541C593E2DB3C32E00AB0AC6 /* CardHeroSetViewWSkill.swift */; };
		541C59412DB3C4AD00AB0AC6 /* EnemyCardSet.swift in Sources */ = {isa = PBXBuildFile; fileRef = 541C59402DB3C4AD00AB0AC6 /* EnemyCardSet.swift */; };
		541C59432DB3C4B800AB0AC6 /* EnemyCardSetWSkill.swift in Sources */ = {isa = PBXBuildFile; fileRef = 541C59422DB3C4B800AB0AC6 /* EnemyCardSetWSkill.swift */; };
		5455ED272DAC077700157005 /* PopupView.swift in Sources */ = {isa = PBXBuildFile; fileRef = 5455ED262DAC077700157005 /* PopupView.swift */; };
		54561D8D2D8ED0CA00EB042B /* JourneyOfMidnightApp.swift in Sources */ = {isa = PBXBuildFile; fileRef = 54561D8C2D8ED0CA00EB042B /* JourneyOfMidnightApp.swift */; };
		54561D912D8ED0CC00EB042B /* Assets.xcassets in Resources */ = {isa = PBXBuildFile; fileRef = 54561D902D8ED0CC00EB042B /* Assets.xcassets */; };
		54561D942D8ED0CC00EB042B /* Preview Assets.xcassets in Resources */ = {isa = PBXBuildFile; fileRef = 54561D932D8ED0CC00EB042B /* Preview Assets.xcassets */; };
		546DD1CB2D8EEA2900FAD49B /* CardManager.swift in Sources */ = {isa = PBXBuildFile; fileRef = 546DD1CA2D8EEA2900FAD49B /* CardManager.swift */; };
/* End PBXBuildFile section */

/* Begin PBXFileReference section */
		1E045BE92DCF853A0098413D /* Info.plist */ = {isa = PBXFileReference; lastKnownFileType = text.plist; path = Info.plist; sourceTree = "<group>"; };
		1E07AEA22E7BB03C0035CE48 /* UserModel.swift */ = {isa = PBXFileReference; lastKnownFileType = sourcecode.swift; path = UserModel.swift; sourceTree = "<group>"; };
		1E07AEA52E7BB8DA0035CE48 /* ProfileView.swift */ = {isa = PBXFileReference; lastKnownFileType = sourcecode.swift; path = ProfileView.swift; sourceTree = "<group>"; };
		1E07AEA72E7BD8270035CE48 /* UserServiceViewModel.swift */ = {isa = PBXFileReference; lastKnownFileType = sourcecode.swift; path = UserServiceViewModel.swift; sourceTree = "<group>"; };
		1E1FFF762DBCEB74002382B0 /* Config.swift */ = {isa = PBXFileReference; lastKnownFileType = sourcecode.swift; path = Config.swift; sourceTree = "<group>"; };
		1E1FFF782DBCEB7B002382B0 /* NetworkManager.swift */ = {isa = PBXFileReference; lastKnownFileType = sourcecode.swift; path = NetworkManager.swift; sourceTree = "<group>"; };
		1E1FFF832DBE3EB4002382B0 /* MainTemplateWithPopupEvent.swift */ = {isa = PBXFileReference; lastKnownFileType = sourcecode.swift; path = MainTemplateWithPopupEvent.swift; sourceTree = "<group>"; };
		1E1FFF882DBE5D6C002382B0 /* Game.swift */ = {isa = PBXFileReference; lastKnownFileType = sourcecode.swift; path = Game.swift; sourceTree = "<group>"; };
		1E1FFF8A2DBE5D88002382B0 /* WebsocketManager.swift */ = {isa = PBXFileReference; lastKnownFileType = sourcecode.swift; path = WebsocketManager.swift; sourceTree = "<group>"; };
		1E1FFF912DBE64EE002382B0 /* MainMenuView.swift */ = {isa = PBXFileReference; lastKnownFileType = sourcecode.swift; path = MainMenuView.swift; sourceTree = "<group>"; };
		1E1FFF932DBE64F6002382B0 /* QueueView.swift */ = {isa = PBXFileReference; lastKnownFileType = sourcecode.swift; path = QueueView.swift; sourceTree = "<group>"; };
		1E517CE22E8BE1D4000D21A2 /* APIModel.swift */ = {isa = PBXFileReference; lastKnownFileType = sourcecode.swift; path = APIModel.swift; sourceTree = "<group>"; };
		1E64C2012DAE47FF001DFAF5 /* DetailSkillView.swift */ = {isa = PBXFileReference; lastKnownFileType = sourcecode.swift; path = DetailSkillView.swift; sourceTree = "<group>"; };
		1E64C20F2DB76A95001DFAF5 /* DetailItemView.swift */ = {isa = PBXFileReference; lastKnownFileType = sourcecode.swift; path = DetailItemView.swift; sourceTree = "<group>"; };
		1E64C2162DB77BCF001DFAF5 /* EventVendorPopup.swift */ = {isa = PBXFileReference; lastKnownFileType = sourcecode.swift; path = EventVendorPopup.swift; sourceTree = "<group>"; };
		1E64C21B2DB88E4F001DFAF5 /* GoldView.swift */ = {isa = PBXFileReference; lastKnownFileType = sourcecode.swift; path = GoldView.swift; sourceTree = "<group>"; };
		1E99D0962DAD0994007392FE /* HeroMainView.swift */ = {isa = PBXFileReference; lastKnownFileType = sourcecode.swift; path = HeroMainView.swift; sourceTree = "<group>"; };
		1EC024F52DC368A100F77448 /* SimpleTemplateWithPopup.swift */ = {isa = PBXFileReference; lastKnownFileType = sourcecode.swift; path = SimpleTemplateWithPopup.swift; sourceTree = "<group>"; };
		1EC024F72DC368C700F77448 /* EventScreenTemplate.swift */ = {isa = PBXFileReference; lastKnownFileType = sourcecode.swift; path = EventScreenTemplate.swift; sourceTree = "<group>"; };
		3D17B6372E1272090024DD24 /* HeroItemOptionsView.swift */ = {isa = PBXFileReference; lastKnownFileType = sourcecode.swift; path = HeroItemOptionsView.swift; sourceTree = "<group>"; };
		3D2F3B5F2E0590EA00E182E4 /* BagView.swift */ = {isa = PBXFileReference; lastKnownFileType = sourcecode.swift; path = BagView.swift; sourceTree = "<group>"; };
		3D5B20732DF144D4001D242D /* SettingMainView.swift */ = {isa = PBXFileReference; lastKnownFileType = sourcecode.swift; path = SettingMainView.swift; sourceTree = "<group>"; };
		3D5B20752DF1486C001D242D /* PickerBar.swift */ = {isa = PBXFileReference; lastKnownFileType = sourcecode.swift; path = PickerBar.swift; sourceTree = "<group>"; };
		3D5B20772DF14A1D001D242D /* ColorExtension.swift */ = {isa = PBXFileReference; lastKnownFileType = sourcecode.swift; path = ColorExtension.swift; sourceTree = "<group>"; };
		3D5B207B2DF16AC7001D242D /* MusicManager.swift */ = {isa = PBXFileReference; lastKnownFileType = sourcecode.swift; path = MusicManager.swift; sourceTree = "<group>"; };
		3D5B207E2DF2F5E4001D242D /* Maple.mp3 */ = {isa = PBXFileReference; lastKnownFileType = audio.mp3; path = Maple.mp3; sourceTree = "<group>"; };
		3D5B20802DF2F5ED001D242D /* whatif.mp3 */ = {isa = PBXFileReference; lastKnownFileType = audio.mp3; path = whatif.mp3; sourceTree = "<group>"; };
		3D5B20E62DF96B94001D242D /* EventVendorSingleItemPopup.swift */ = {isa = PBXFileReference; lastKnownFileType = sourcecode.swift; path = EventVendorSingleItemPopup.swift; sourceTree = "<group>"; };
		3D5B20E82DF9C0C1001D242D /* ABILITYVIEW.swift */ = {isa = PBXFileReference; lastKnownFileType = sourcecode.swift; path = ABILITYVIEW.swift; sourceTree = "<group>"; };
		3D8C04132E88191200293E48 /* UserProfileView.swift */ = {isa = PBXFileReference; lastKnownFileType = sourcecode.swift; path = UserProfileView.swift; sourceTree = "<group>"; };
		541C59302DB3B89400AB0AC6 /* EventCombat.swift */ = {isa = PBXFileReference; lastKnownFileType = sourcecode.swift; path = EventCombat.swift; sourceTree = "<group>"; };
		541C59342DB3B95A00AB0AC6 /* EventVendorShop.swift */ = {isa = PBXFileReference; lastKnownFileType = sourcecode.swift; path = EventVendorShop.swift; sourceTree = "<group>"; };
		541C59382DB3B9EC00AB0AC6 /* EventForest.swift */ = {isa = PBXFileReference; lastKnownFileType = sourcecode.swift; path = EventForest.swift; sourceTree = "<group>"; };
		541C593A2DB3BDC200AB0AC6 /* ButtomButton.swift */ = {isa = PBXFileReference; lastKnownFileType = sourcecode.swift; path = ButtomButton.swift; sourceTree = "<group>"; };
		541C593C2DB3BFBF00AB0AC6 /* CardHeroSetView.swift */ = {isa = PBXFileReference; lastKnownFileType = sourcecode.swift; path = CardHeroSetView.swift; sourceTree = "<group>"; };
		541C593E2DB3C32E00AB0AC6 /* CardHeroSetViewWSkill.swift */ = {isa = PBXFileReference; lastKnownFileType = sourcecode.swift; path = CardHeroSetViewWSkill.swift; sourceTree = "<group>"; };
		541C59402DB3C4AD00AB0AC6 /* EnemyCardSet.swift */ = {isa = PBXFileReference; lastKnownFileType = sourcecode.swift; path = EnemyCardSet.swift; sourceTree = "<group>"; };
		541C59422DB3C4B800AB0AC6 /* EnemyCardSetWSkill.swift */ = {isa = PBXFileReference; lastKnownFileType = sourcecode.swift; path = EnemyCardSetWSkill.swift; sourceTree = "<group>"; };
		5455ED262DAC077700157005 /* PopupView.swift */ = {isa = PBXFileReference; lastKnownFileType = sourcecode.swift; path = PopupView.swift; sourceTree = "<group>"; };
		54561D892D8ED0CA00EB042B /* JourneyOfMidnight.app */ = {isa = PBXFileReference; explicitFileType = wrapper.application; includeInIndex = 0; path = JourneyOfMidnight.app; sourceTree = BUILT_PRODUCTS_DIR; };
		54561D8C2D8ED0CA00EB042B /* JourneyOfMidnightApp.swift */ = {isa = PBXFileReference; lastKnownFileType = sourcecode.swift; path = JourneyOfMidnightApp.swift; sourceTree = "<group>"; };
		54561D902D8ED0CC00EB042B /* Assets.xcassets */ = {isa = PBXFileReference; lastKnownFileType = folder.assetcatalog; path = Assets.xcassets; sourceTree = "<group>"; };
		54561D932D8ED0CC00EB042B /* Preview Assets.xcassets */ = {isa = PBXFileReference; lastKnownFileType = folder.assetcatalog; path = "Preview Assets.xcassets"; sourceTree = "<group>"; };
		546DD1CA2D8EEA2900FAD49B /* CardManager.swift */ = {isa = PBXFileReference; lastKnownFileType = sourcecode.swift; path = CardManager.swift; sourceTree = "<group>"; };
/* End PBXFileReference section */

/* Begin PBXFrameworksBuildPhase section */
		54561D862D8ED0CA00EB042B /* Frameworks */ = {
			isa = PBXFrameworksBuildPhase;
			buildActionMask = 2147483647;
			files = (
			);
			runOnlyForDeploymentPostprocessing = 0;
		};
/* End PBXFrameworksBuildPhase section */

/* Begin PBXGroup section */
		1E07AEA42E7BB8CA0035CE48 /* Profile */ = {
			isa = PBXGroup;
			children = (
				1E07AEA52E7BB8DA0035CE48 /* ProfileView.swift */,
				3D8C04132E88191200293E48 /* UserProfileView.swift */,
			);
			path = Profile;
			sourceTree = "<group>";
		};
		1E1FFF7A2DBCF043002382B0 /* Network */ = {
			isa = PBXGroup;
			children = (
				1E1FFF762DBCEB74002382B0 /* Config.swift */,
				1E1FFF782DBCEB7B002382B0 /* NetworkManager.swift */,
				1E1FFF8A2DBE5D88002382B0 /* WebsocketManager.swift */,
			);
			path = Network;
			sourceTree = "<group>";
		};
		1E1FFF7B2DBCF07A002382B0 /* Manager */ = {
			isa = PBXGroup;
			children = (
				546DD1CA2D8EEA2900FAD49B /* CardManager.swift */,
				3D5B207B2DF16AC7001D242D /* MusicManager.swift */,
			);
			path = Manager;
			sourceTree = "<group>";
		};
		1E1FFF7D2DBCF0C4002382B0 /* Main */ = {
			isa = PBXGroup;
			children = (
				1E99D0962DAD0994007392FE /* HeroMainView.swift */,
				1EC024F52DC368A100F77448 /* SimpleTemplateWithPopup.swift */,
				1E1FFF832DBE3EB4002382B0 /* MainTemplateWithPopupEvent.swift */,
				1EC024F72DC368C700F77448 /* EventScreenTemplate.swift */,
			);
			path = Main;
			sourceTree = "<group>";
		};
		1E1FFF7F2DBCF103002382B0 /* Events */ = {
			isa = PBXGroup;
			children = (
				3D5B20E82DF9C0C1001D242D /* ABILITYVIEW.swift */,
				541C59302DB3B89400AB0AC6 /* EventCombat.swift */,
				3D5B20E62DF96B94001D242D /* EventVendorSingleItemPopup.swift */,
				541C59342DB3B95A00AB0AC6 /* EventVendorShop.swift */,
				1E64C2162DB77BCF001DFAF5 /* EventVendorPopup.swift */,
				541C59382DB3B9EC00AB0AC6 /* EventForest.swift */,
			);
			path = Events;
			sourceTree = "<group>";
		};
		1E1FFF802DBCF12A002382B0 /* HeroCardOurs */ = {
			isa = PBXGroup;
			children = (
				541C593C2DB3BFBF00AB0AC6 /* CardHeroSetView.swift */,
				541C593E2DB3C32E00AB0AC6 /* CardHeroSetViewWSkill.swift */,
			);
			path = HeroCardOurs;
			sourceTree = "<group>";
		};
		1E1FFF812DBCF154002382B0 /* DetailView */ = {
			isa = PBXGroup;
			children = (
				1E64C2012DAE47FF001DFAF5 /* DetailSkillView.swift */,
				1E64C20F2DB76A95001DFAF5 /* DetailItemView.swift */,
				5455ED262DAC077700157005 /* PopupView.swift */,
				541C593A2DB3BDC200AB0AC6 /* ButtomButton.swift */,
				1E64C21B2DB88E4F001DFAF5 /* GoldView.swift */,
			);
			path = DetailView;
			sourceTree = "<group>";
		};
		1E1FFF872DBE5D52002382B0 /* Models */ = {
			isa = PBXGroup;
			children = (
				1E1FFF882DBE5D6C002382B0 /* Game.swift */,
				1E07AEA22E7BB03C0035CE48 /* UserModel.swift */,
				1E517CE22E8BE1D4000D21A2 /* APIModel.swift */,
			);
			path = Models;
			sourceTree = "<group>";
		};
		1E1FFF8C2DBE5DA2002382B0 /* View */ = {
			isa = PBXGroup;
			children = (
				1E07AEA42E7BB8CA0035CE48 /* Profile */,
				3D2F3B5E2E0590E000E182E4 /* HeroBag */,
				3D5B20722DF144C0001D242D /* Settings */,
				1E1FFF902DBE64D2002382B0 /* MatchMaking */,
				1E1FFF7D2DBCF0C4002382B0 /* Main */,
				1E1FFF7F2DBCF103002382B0 /* Events */,
				1E1FFF802DBCF12A002382B0 /* HeroCardOurs */,
				3D17B6392E12CA2E0024DD24 /* Enemy */,
				1E1FFF812DBCF154002382B0 /* DetailView */,
			);
			path = View;
			sourceTree = "<group>";
		};
		1E1FFF8D2DBE5DCC002382B0 /* ViewModels */ = {
			isa = PBXGroup;
			children = (
				1E07AEA72E7BD8270035CE48 /* UserServiceViewModel.swift */,
			);
			path = ViewModels;
			sourceTree = "<group>";
		};
		1E1FFF902DBE64D2002382B0 /* MatchMaking */ = {
			isa = PBXGroup;
			children = (
				1E1FFF912DBE64EE002382B0 /* MainMenuView.swift */,
				1E1FFF932DBE64F6002382B0 /* QueueView.swift */,
			);
			path = MatchMaking;
			sourceTree = "<group>";
		};
		3D17B6392E12CA2E0024DD24 /* Enemy */ = {
			isa = PBXGroup;
			children = (
				541C59402DB3C4AD00AB0AC6 /* EnemyCardSet.swift */,
				541C59422DB3C4B800AB0AC6 /* EnemyCardSetWSkill.swift */,
			);
			path = Enemy;
			sourceTree = "<group>";
		};
		3D2F3B5E2E0590E000E182E4 /* HeroBag */ = {
			isa = PBXGroup;
			children = (
				3D2F3B5F2E0590EA00E182E4 /* BagView.swift */,
				3D17B6372E1272090024DD24 /* HeroItemOptionsView.swift */,
			);
			path = HeroBag;
			sourceTree = "<group>";
		};
		3D5B20722DF144C0001D242D /* Settings */ = {
			isa = PBXGroup;
			children = (
				3D5B20732DF144D4001D242D /* SettingMainView.swift */,
				3D5B20752DF1486C001D242D /* PickerBar.swift */,
				3D5B20772DF14A1D001D242D /* ColorExtension.swift */,
			);
			path = Settings;
			sourceTree = "<group>";
		};
		3D5B207D2DF2F5CE001D242D /* MusicTracks */ = {
			isa = PBXGroup;
			children = (
				3D5B207E2DF2F5E4001D242D /* Maple.mp3 */,
				3D5B20802DF2F5ED001D242D /* whatif.mp3 */,
			);
			path = MusicTracks;
			sourceTree = "<group>";
		};
		54561D802D8ED0CA00EB042B = {
			isa = PBXGroup;
			children = (
				54561D8B2D8ED0CA00EB042B /* JourneyOfMidnight */,
				54561D8A2D8ED0CA00EB042B /* Products */,
			);
			sourceTree = "<group>";
		};
		54561D8A2D8ED0CA00EB042B /* Products */ = {
			isa = PBXGroup;
			children = (
				54561D892D8ED0CA00EB042B /* JourneyOfMidnight.app */,
			);
			name = Products;
			sourceTree = "<group>";
		};
		54561D8B2D8ED0CA00EB042B /* JourneyOfMidnight */ = {
			isa = PBXGroup;
			children = (
				1E045BE92DCF853A0098413D /* Info.plist */,
				54561D8C2D8ED0CA00EB042B /* JourneyOfMidnightApp.swift */,
				54561D902D8ED0CC00EB042B /* Assets.xcassets */,
				54561D922D8ED0CC00EB042B /* Preview Content */,
				3D5B207D2DF2F5CE001D242D /* MusicTracks */,
				1E1FFF7B2DBCF07A002382B0 /* Manager */,
				1E1FFF7A2DBCF043002382B0 /* Network */,
				1E1FFF8D2DBE5DCC002382B0 /* ViewModels */,
				1E1FFF8C2DBE5DA2002382B0 /* View */,
				1E1FFF872DBE5D52002382B0 /* Models */,
			);
			path = JourneyOfMidnight;
			sourceTree = "<group>";
		};
		54561D922D8ED0CC00EB042B /* Preview Content */ = {
			isa = PBXGroup;
			children = (
				54561D932D8ED0CC00EB042B /* Preview Assets.xcassets */,
			);
			path = "Preview Content";
			sourceTree = "<group>";
		};
/* End PBXGroup section */

/* Begin PBXNativeTarget section */
		54561D882D8ED0CA00EB042B /* JourneyOfMidnight */ = {
			isa = PBXNativeTarget;
			buildConfigurationList = 54561D972D8ED0CC00EB042B /* Build configuration list for PBXNativeTarget "JourneyOfMidnight" */;
			buildPhases = (
				54561D852D8ED0CA00EB042B /* Sources */,
				54561D862D8ED0CA00EB042B /* Frameworks */,
				54561D872D8ED0CA00EB042B /* Resources */,
			);
			buildRules = (
			);
			dependencies = (
			);
			name = JourneyOfMidnight;
			productName = JourneyOfMidnight;
			productReference = 54561D892D8ED0CA00EB042B /* JourneyOfMidnight.app */;
			productType = "com.apple.product-type.application";
		};
/* End PBXNativeTarget section */

/* Begin PBXProject section */
		54561D812D8ED0CA00EB042B /* Project object */ = {
			isa = PBXProject;
			attributes = {
				BuildIndependentTargetsInParallel = 1;
				LastSwiftUpdateCheck = 1540;
				LastUpgradeCheck = 1540;
				TargetAttributes = {
					54561D882D8ED0CA00EB042B = {
						CreatedOnToolsVersion = 15.4;
					};
				};
			};
			buildConfigurationList = 54561D842D8ED0CA00EB042B /* Build configuration list for PBXProject "JourneyOfMidnight" */;
			compatibilityVersion = "Xcode 14.0";
			developmentRegion = en;
			hasScannedForEncodings = 0;
			knownRegions = (
				en,
				Base,
			);
			mainGroup = 54561D802D8ED0CA00EB042B;
			productRefGroup = 54561D8A2D8ED0CA00EB042B /* Products */;
			projectDirPath = "";
			projectRoot = "";
			targets = (
				54561D882D8ED0CA00EB042B /* JourneyOfMidnight */,
			);
		};
/* End PBXProject section */

/* Begin PBXResourcesBuildPhase section */
		54561D872D8ED0CA00EB042B /* Resources */ = {
			isa = PBXResourcesBuildPhase;
			buildActionMask = 2147483647;
			files = (
				54561D942D8ED0CC00EB042B /* Preview Assets.xcassets in Resources */,
				3D5B207F2DF2F5E4001D242D /* Maple.mp3 in Resources */,
				54561D912D8ED0CC00EB042B /* Assets.xcassets in Resources */,
				3D5B20812DF2F5ED001D242D /* whatif.mp3 in Resources */,
			);
			runOnlyForDeploymentPostprocessing = 0;
		};
/* End PBXResourcesBuildPhase section */

/* Begin PBXSourcesBuildPhase section */
		54561D852D8ED0CA00EB042B /* Sources */ = {
			isa = PBXSourcesBuildPhase;
			buildActionMask = 2147483647;
			files = (
				1E1FFF842DBE3EB4002382B0 /* MainTemplateWithPopupEvent.swift in Sources */,
				541C59312DB3B89400AB0AC6 /* EventCombat.swift in Sources */,
				541C59432DB3C4B800AB0AC6 /* EnemyCardSetWSkill.swift in Sources */,
				1E64C2022DAE47FF001DFAF5 /* DetailSkillView.swift in Sources */,
				1E07AEA62E7BB8DA0035CE48 /* ProfileView.swift in Sources */,
				541C593F2DB3C32E00AB0AC6 /* CardHeroSetViewWSkill.swift in Sources */,
				546DD1CB2D8EEA2900FAD49B /* CardManager.swift in Sources */,
				1E99D0972DAD0994007392FE /* HeroMainView.swift in Sources */,
				1E64C2172DB77BCF001DFAF5 /* EventVendorPopup.swift in Sources */,
				1E07AEA32E7BB03C0035CE48 /* UserModel.swift in Sources */,
				3D8C04142E88191200293E48 /* UserProfileView.swift in Sources */,
				1E64C2102DB76A95001DFAF5 /* DetailItemView.swift in Sources */,
				541C593D2DB3BFBF00AB0AC6 /* CardHeroSetView.swift in Sources */,
				1E1FFF792DBCEB7B002382B0 /* NetworkManager.swift in Sources */,
				3D5B20782DF14A1D001D242D /* ColorExtension.swift in Sources */,
				1E07AEA82E7BD8270035CE48 /* UserServiceViewModel.swift in Sources */,
				1E1FFF892DBE5D6C002382B0 /* Game.swift in Sources */,
				3D5B20742DF144D4001D242D /* SettingMainView.swift in Sources */,
				1E1FFF922DBE64EE002382B0 /* MainMenuView.swift in Sources */,
				5455ED272DAC077700157005 /* PopupView.swift in Sources */,
				54561D8D2D8ED0CA00EB042B /* JourneyOfMidnightApp.swift in Sources */,
				3D5B20762DF1486C001D242D /* PickerBar.swift in Sources */,
				1E1FFF772DBCEB74002382B0 /* Config.swift in Sources */,
				541C593B2DB3BDC200AB0AC6 /* ButtomButton.swift in Sources */,
				3D5B20E92DF9C0C1001D242D /* ABILITYVIEW.swift in Sources */,
				1EC024F62DC368A100F77448 /* SimpleTemplateWithPopup.swift in Sources */,
				1E64C21C2DB88E4F001DFAF5 /* GoldView.swift in Sources */,
				1E517CE32E8BE1D4000D21A2 /* APIModel.swift in Sources */,
				1E1FFF942DBE64F6002382B0 /* QueueView.swift in Sources */,
				541C59392DB3B9EC00AB0AC6 /* EventForest.swift in Sources */,
				1EC024F82DC368C700F77448 /* EventScreenTemplate.swift in Sources */,
				541C59352DB3B95A00AB0AC6 /* EventVendorShop.swift in Sources */,
				3D5B20E72DF96B94001D242D /* EventVendorSingleItemPopup.swift in Sources */,
				3D17B6382E1272090024DD24 /* HeroItemOptionsView.swift in Sources */,
				3D2F3B602E0590EA00E182E4 /* BagView.swift in Sources */,
				541C59412DB3C4AD00AB0AC6 /* EnemyCardSet.swift in Sources */,
				1E1FFF8B2DBE5D88002382B0 /* WebsocketManager.swift in Sources */,
				3D5B207C2DF16AC7001D242D /* MusicManager.swift in Sources */,
			);
			runOnlyForDeploymentPostprocessing = 0;
		};
/* End PBXSourcesBuildPhase section */

/* Begin XCBuildConfiguration section */
		54561D952D8ED0CC00EB042B /* Debug */ = {
			isa = XCBuildConfiguration;
			buildSettings = {
				ALWAYS_SEARCH_USER_PATHS = NO;
				ASSETCATALOG_COMPILER_GENERATE_SWIFT_ASSET_SYMBOL_EXTENSIONS = YES;
				CLANG_ANALYZER_NONNULL = YES;
				CLANG_ANALYZER_NUMBER_OBJECT_CONVERSION = YES_AGGRESSIVE;
				CLANG_CXX_LANGUAGE_STANDARD = "gnu++20";
				CLANG_ENABLE_MODULES = YES;
				CLANG_ENABLE_OBJC_ARC = YES;
				CLANG_ENABLE_OBJC_WEAK = YES;
				CLANG_WARN_BLOCK_CAPTURE_AUTORELEASING = YES;
				CLANG_WARN_BOOL_CONVERSION = YES;
				CLANG_WARN_COMMA = YES;
				CLANG_WARN_CONSTANT_CONVERSION = YES;
				CLANG_WARN_DEPRECATED_OBJC_IMPLEMENTATIONS = YES;
				CLANG_WARN_DIRECT_OBJC_ISA_USAGE = YES_ERROR;
				CLANG_WARN_DOCUMENTATION_COMMENTS = YES;
				CLANG_WARN_EMPTY_BODY = YES;
				CLANG_WARN_ENUM_CONVERSION = YES;
				CLANG_WARN_INFINITE_RECURSION = YES;
				CLANG_WARN_INT_CONVERSION = YES;
				CLANG_WARN_NON_LITERAL_NULL_CONVERSION = YES;
				CLANG_WARN_OBJC_IMPLICIT_RETAIN_SELF = YES;
				CLANG_WARN_OBJC_LITERAL_CONVERSION = YES;
				CLANG_WARN_OBJC_ROOT_CLASS = YES_ERROR;
				CLANG_WARN_QUOTED_INCLUDE_IN_FRAMEWORK_HEADER = YES;
				CLANG_WARN_RANGE_LOOP_ANALYSIS = YES;
				CLANG_WARN_STRICT_PROTOTYPES = YES;
				CLANG_WARN_SUSPICIOUS_MOVE = YES;
				CLANG_WARN_UNGUARDED_AVAILABILITY = YES_AGGRESSIVE;
				CLANG_WARN_UNREACHABLE_CODE = YES;
				CLANG_WARN__DUPLICATE_METHOD_MATCH = YES;
				COPY_PHASE_STRIP = NO;
				DEBUG_INFORMATION_FORMAT = dwarf;
				ENABLE_STRICT_OBJC_MSGSEND = YES;
				ENABLE_TESTABILITY = YES;
				ENABLE_USER_SCRIPT_SANDBOXING = YES;
				GCC_C_LANGUAGE_STANDARD = gnu17;
				GCC_DYNAMIC_NO_PIC = NO;
				GCC_NO_COMMON_BLOCKS = YES;
				GCC_OPTIMIZATION_LEVEL = 0;
				GCC_PREPROCESSOR_DEFINITIONS = (
					"DEBUG=1",
					"$(inherited)",
				);
				GCC_WARN_64_TO_32_BIT_CONVERSION = YES;
				GCC_WARN_ABOUT_RETURN_TYPE = YES_ERROR;
				GCC_WARN_UNDECLARED_SELECTOR = YES;
				GCC_WARN_UNINITIALIZED_AUTOS = YES_AGGRESSIVE;
				GCC_WARN_UNUSED_FUNCTION = YES;
				GCC_WARN_UNUSED_VARIABLE = YES;
				IPHONEOS_DEPLOYMENT_TARGET = 17.5;
				LOCALIZATION_PREFERS_STRING_CATALOGS = YES;
				MTL_ENABLE_DEBUG_INFO = INCLUDE_SOURCE;
				MTL_FAST_MATH = YES;
				ONLY_ACTIVE_ARCH = YES;
				SDKROOT = iphoneos;
				SWIFT_ACTIVE_COMPILATION_CONDITIONS = "DEBUG $(inherited)";
				SWIFT_OPTIMIZATION_LEVEL = "-Onone";
			};
			name = Debug;
		};
		54561D962D8ED0CC00EB042B /* Release */ = {
			isa = XCBuildConfiguration;
			buildSettings = {
				ALWAYS_SEARCH_USER_PATHS = NO;
				ASSETCATALOG_COMPILER_GENERATE_SWIFT_ASSET_SYMBOL_EXTENSIONS = YES;
				CLANG_ANALYZER_NONNULL = YES;
				CLANG_ANALYZER_NUMBER_OBJECT_CONVERSION = YES_AGGRESSIVE;
				CLANG_CXX_LANGUAGE_STANDARD = "gnu++20";
				CLANG_ENABLE_MODULES = YES;
				CLANG_ENABLE_OBJC_ARC = YES;
				CLANG_ENABLE_OBJC_WEAK = YES;
				CLANG_WARN_BLOCK_CAPTURE_AUTORELEASING = YES;
				CLANG_WARN_BOOL_CONVERSION = YES;
				CLANG_WARN_COMMA = YES;
				CLANG_WARN_CONSTANT_CONVERSION = YES;
				CLANG_WARN_DEPRECATED_OBJC_IMPLEMENTATIONS = YES;
				CLANG_WARN_DIRECT_OBJC_ISA_USAGE = YES_ERROR;
				CLANG_WARN_DOCUMENTATION_COMMENTS = YES;
				CLANG_WARN_EMPTY_BODY = YES;
				CLANG_WARN_ENUM_CONVERSION = YES;
				CLANG_WARN_INFINITE_RECURSION = YES;
				CLANG_WARN_INT_CONVERSION = YES;
				CLANG_WARN_NON_LITERAL_NULL_CONVERSION = YES;
				CLANG_WARN_OBJC_IMPLICIT_RETAIN_SELF = YES;
				CLANG_WARN_OBJC_LITERAL_CONVERSION = YES;
				CLANG_WARN_OBJC_ROOT_CLASS = YES_ERROR;
				CLANG_WARN_QUOTED_INCLUDE_IN_FRAMEWORK_HEADER = YES;
				CLANG_WARN_RANGE_LOOP_ANALYSIS = YES;
				CLANG_WARN_STRICT_PROTOTYPES = YES;
				CLANG_WARN_SUSPICIOUS_MOVE = YES;
				CLANG_WARN_UNGUARDED_AVAILABILITY = YES_AGGRESSIVE;
				CLANG_WARN_UNREACHABLE_CODE = YES;
				CLANG_WARN__DUPLICATE_METHOD_MATCH = YES;
				COPY_PHASE_STRIP = NO;
				DEBUG_INFORMATION_FORMAT = "dwarf-with-dsym";
				ENABLE_NS_ASSERTIONS = NO;
				ENABLE_STRICT_OBJC_MSGSEND = YES;
				ENABLE_USER_SCRIPT_SANDBOXING = YES;
				GCC_C_LANGUAGE_STANDARD = gnu17;
				GCC_NO_COMMON_BLOCKS = YES;
				GCC_WARN_64_TO_32_BIT_CONVERSION = YES;
				GCC_WARN_ABOUT_RETURN_TYPE = YES_ERROR;
				GCC_WARN_UNDECLARED_SELECTOR = YES;
				GCC_WARN_UNINITIALIZED_AUTOS = YES_AGGRESSIVE;
				GCC_WARN_UNUSED_FUNCTION = YES;
				GCC_WARN_UNUSED_VARIABLE = YES;
				IPHONEOS_DEPLOYMENT_TARGET = 17.5;
				LOCALIZATION_PREFERS_STRING_CATALOGS = YES;
				MTL_ENABLE_DEBUG_INFO = NO;
				MTL_FAST_MATH = YES;
				SDKROOT = iphoneos;
				SWIFT_COMPILATION_MODE = wholemodule;
				VALIDATE_PRODUCT = YES;
			};
			name = Release;
		};
		54561D982D8ED0CC00EB042B /* Debug */ = {
			isa = XCBuildConfiguration;
			buildSettings = {
				ASSETCATALOG_COMPILER_APPICON_NAME = AppIcon;
				ASSETCATALOG_COMPILER_GLOBAL_ACCENT_COLOR_NAME = AccentColor;
				CODE_SIGN_STYLE = Automatic;
				CURRENT_PROJECT_VERSION = 1;
				DEVELOPMENT_ASSET_PATHS = "\"JourneyOfMidnight/Preview Content\"";
				DEVELOPMENT_TEAM = N8Y82KS4Z7;
				ENABLE_PREVIEWS = YES;
				GENERATE_INFOPLIST_FILE = YES;
				INFOPLIST_FILE = JourneyOfMidnight/Info.plist;
				INFOPLIST_KEY_NSCameraUsageDescription = "Camera?";
				INFOPLIST_KEY_NSMicrophoneUsageDescription = "Microphone?";
				INFOPLIST_KEY_UIApplicationSceneManifest_Generation = YES;
				INFOPLIST_KEY_UIApplicationSupportsIndirectInputEvents = YES;
				INFOPLIST_KEY_UILaunchScreen_Generation = YES;
				INFOPLIST_KEY_UISupportedInterfaceOrientations = "UIInterfaceOrientationLandscapeLeft UIInterfaceOrientationLandscapeRight";
				INFOPLIST_KEY_UISupportedInterfaceOrientations_iPad = "UIInterfaceOrientationLandscapeLeft UIInterfaceOrientationLandscapeRight UIInterfaceOrientationPortrait UIInterfaceOrientationPortraitUpsideDown";
				IPHONEOS_DEPLOYMENT_TARGET = 17.0;
				LD_RUNPATH_SEARCH_PATHS = (
					"$(inherited)",
					"@executable_path/Frameworks",
				);
				MARKETING_VERSION = 1.0;
				PRODUCT_BUNDLE_IDENTIFIER = co.jannnn444.JourneyOfMidnight.demo;
				PRODUCT_NAME = "$(TARGET_NAME)";
				SWIFT_EMIT_LOC_STRINGS = YES;
				SWIFT_VERSION = 5.0;
				TARGETED_DEVICE_FAMILY = "1,2";
			};
			name = Debug;
		};
		54561D992D8ED0CC00EB042B /* Release */ = {
			isa = XCBuildConfiguration;
			buildSettings = {
				ASSETCATALOG_COMPILER_APPICON_NAME = AppIcon;
				ASSETCATALOG_COMPILER_GLOBAL_ACCENT_COLOR_NAME = AccentColor;
				CODE_SIGN_STYLE = Automatic;
				CURRENT_PROJECT_VERSION = 1;
				DEVELOPMENT_ASSET_PATHS = "\"JourneyOfMidnight/Preview Content\"";
				DEVELOPMENT_TEAM = N8Y82KS4Z7;
				ENABLE_PREVIEWS = YES;
				GENERATE_INFOPLIST_FILE = YES;
				INFOPLIST_FILE = JourneyOfMidnight/Info.plist;
				INFOPLIST_KEY_NSCameraUsageDescription = "Camera?";
				INFOPLIST_KEY_NSMicrophoneUsageDescription = "Microphone?";
				INFOPLIST_KEY_UIApplicationSceneManifest_Generation = YES;
				INFOPLIST_KEY_UIApplicationSupportsIndirectInputEvents = YES;
				INFOPLIST_KEY_UILaunchScreen_Generation = YES;
				INFOPLIST_KEY_UISupportedInterfaceOrientations = "UIInterfaceOrientationLandscapeLeft UIInterfaceOrientationLandscapeRight";
				INFOPLIST_KEY_UISupportedInterfaceOrientations_iPad = "UIInterfaceOrientationLandscapeLeft UIInterfaceOrientationLandscapeRight UIInterfaceOrientationPortrait UIInterfaceOrientationPortraitUpsideDown";
				IPHONEOS_DEPLOYMENT_TARGET = 17.0;
				LD_RUNPATH_SEARCH_PATHS = (
					"$(inherited)",
					"@executable_path/Frameworks",
				);
				MARKETING_VERSION = 1.0;
				PRODUCT_BUNDLE_IDENTIFIER = co.jannnn444.JourneyOfMidnight.demo;
				PRODUCT_NAME = "$(TARGET_NAME)";
				SWIFT_EMIT_LOC_STRINGS = YES;
				SWIFT_VERSION = 5.0;
				TARGETED_DEVICE_FAMILY = "1,2";
			};
			name = Release;
		};
/* End XCBuildConfiguration section */

/* Begin XCConfigurationList section */
		54561D842D8ED0CA00EB042B /* Build configuration list for PBXProject "JourneyOfMidnight" */ = {
			isa = XCConfigurationList;
			buildConfigurations = (
				54561D952D8ED0CC00EB042B /* Debug */,
				54561D962D8ED0CC00EB042B /* Release */,
			);
			defaultConfigurationIsVisible = 0;
			defaultConfigurationName = Release;
		};
		54561D972D8ED0CC00EB042B /* Build configuration list for PBXNativeTarget "JourneyOfMidnight" */ = {
			isa = XCConfigurationList;
			buildConfigurations = (
				54561D982D8ED0CC00EB042B /* Debug */,
				54561D992D8ED0CC00EB042B /* Release */,
			);
			defaultConfigurationIsVisible = 0;
			defaultConfigurationName = Release;
		};
/* End XCConfigurationList section */
	};
	rootObject = 54561D812D8ED0CA00EB042B /* Project object */;
}
